
Microsoft Visual Studio Solution File, Format Version 12.00
# Visual Studio 15
VisualStudioVersion = 15.0.28010.2050
MinimumVisualStudioVersion = 10.0.40219.1
Project("{FAE04EC0-301F-11D3-BF4B-00C04F79EFBC}") = "boardgamegallerymodel", "boardgamegallerymodel.csproj", "{7F44E142-7B99-47C0-B041-9A40930DE25C}"
EndProject
Global
	GlobalSection(SolutionConfigurationPlatforms) = preSolution
		Debug|Any CPU = Debug|Any CPU
		Release|Any CPU = Release|Any CPU
	EndGlobalSection
	GlobalSection(ProjectConfigurationPlatforms) = postSolution
		{7F44E142-7B99-47C0-B041-9A40930DE25C}.Debug|Any CPU.ActiveCfg = Debug|Any CPU
		{7F44E142-7B99-47C0-B041-9A40930DE25C}.Debug|Any CPU.Build.0 = Debug|Any CPU
		{7F44E142-7B99-47C0-B041-9A40930DE25C}.Release|Any CPU.ActiveCfg = Release|Any CPU
		{7F44E142-7B99-47C0-B041-9A40930DE25C}.Release|Any CPU.Build.0 = Release|Any CPU
	EndGlobalSection
	GlobalSection(SolutionProperties) = preSolution
		HideSolutionNode = FALSE
	EndGlobalSection
	GlobalSection(ExtensibilityGlobals) = postSolution
		SolutionGuid = {816B0DA1-26A9-4391-A1B9-941E9A92F988}
	EndGlobalSection
EndGlobal
